# This file was autogenerated by Stack.
# You should not edit this file by hand.
# For more information, please see the documentation at:
#   https://docs.haskellstack.org/en/stable/lock_files

packages:
- completed:
    cabal-file:
      size: 784
      sha256: 7e5ebe5df4574254c7e38d96bc116dce98d9cd7147c40c78371283071cc00191
    name: bson-generic
    version: 0.0.8
    git: https://github.com/Palmik/bson-generic.git
    pantry-tree:
      size: 676
      sha256: fb2999c6352fcf8719eaba010bfa4617fc60b7ece015dbb13c7474c7ef3b0915
    commit: e078def65d0dee1ea7e3205f445e47d5937851f3
  original:
    git: https://github.com/Palmik/bson-generic.git
    commit: e078def65d0dee1ea7e3205f445e47d5937851f3
- completed:
    hackage: tce-conf-1.3@sha256:8dcdcd680215bff83e2033f7cf1b1c9257ea63328b4e2e81479b3fa892e9763d,2316
    pantry-tree:
      size: 1080
      sha256: 17d2fff56342ea6bbc49dd3c764c0f9036badd331ce22387944d8d57a1308925
  original:
    hackage: tce-conf-1.3
snapshots:
- completed:
    size: 535257
    url: https://raw.githubusercontent.com/commercialhaskell/stackage-snapshots/master/lts/9/4.yaml
    sha256: 048de90695ce310738dca946a533c04372af64ea9db2e20fea7d8a9e28cfeb23
  original: lts-9.4
